
Microsoft Visual Studio Solution File, Format Version 12.00
# Visual Studio Version 17
VisualStudioVersion = 17.12.35527.113 d17.12
MinimumVisualStudioVersion = 10.0.40219.1
Project("{FAE04EC0-301F-11D3-BF4B-00C04F79EFBC}") = "AI_Home_Secuirity", "AI_Home_Secuirity\AI_Home_Secuirity.csproj", "{04962796-FE13-4B4E-B7CD-DED542FCAA0A}"
EndProject
Project("{2150E333-8FDC-42A3-9474-1A3956D46DE8}") = "SRC", "SRC", "{757B7BE4-8FF6-4C61-8E8D-53594F161F32}"
EndProject
Project("{2150E333-8FDC-42A3-9474-1A3956D46DE8}") = "Tests", "Tests", "{18CC4599-7A0F-4FFE-AA47-4CBFDE068430}"
EndProject
Project("{2150E333-8FDC-42A3-9474-1A3956D46DE8}") = "UI", "UI", "{4B503F1E-8D30-431D-8BF6-2911E787746A}"
EndProject
Project("{2150E333-8FDC-42A3-9474-1A3956D46DE8}") = "Infrastructure", "Infrastructure", "{2A472E66-3BA8-4D49-9218-1691A3FF8967}"
EndProject
Project("{2150E333-8FDC-42A3-9474-1A3956D46DE8}") = "API", "API", "{982257F6-B83F-41DA-9620-82428D1D635F}"
EndProject
Project("{2150E333-8FDC-42A3-9474-1A3956D46DE8}") = "Core", "Core", "{AAAC7088-D7FE-4558-8B72-2C5A76ECF759}"
EndProject
Project("{2150E333-8FDC-42A3-9474-1A3956D46DE8}") = "Domain", "Domain", "{3853F08C-A5E1-4916-BE59-F6CEB15E5245}"
EndProject
Project("{FAE04EC0-301F-11D3-BF4B-00C04F79EFBC}") = "Home_Secuirity_Domain", "Home_Secuirity_Domain\Home_Secuirity_Domain.csproj", "{9B484211-9D52-478B-913E-A9BB9EFD103F}"
EndProject
Project("{FAE04EC0-301F-11D3-BF4B-00C04F79EFBC}") = "Home_Secuirity_Presistance", "Home_Secuirity_Presistance\Home_Secuirity_Presistance.csproj", "{0806CB77-F2C4-4C17-B371-CB063279734E}"
EndProject
Global
	GlobalSection(SolutionConfigurationPlatforms) = preSolution
		Debug|Any CPU = Debug|Any CPU
		Release|Any CPU = Release|Any CPU
	EndGlobalSection
	GlobalSection(ProjectConfigurationPlatforms) = postSolution
		{04962796-FE13-4B4E-B7CD-DED542FCAA0A}.Debug|Any CPU.ActiveCfg = Debug|Any CPU
		{04962796-FE13-4B4E-B7CD-DED542FCAA0A}.Debug|Any CPU.Build.0 = Debug|Any CPU
		{04962796-FE13-4B4E-B7CD-DED542FCAA0A}.Release|Any CPU.ActiveCfg = Release|Any CPU
		{04962796-FE13-4B4E-B7CD-DED542FCAA0A}.Release|Any CPU.Build.0 = Release|Any CPU
		{9B484211-9D52-478B-913E-A9BB9EFD103F}.Debug|Any CPU.ActiveCfg = Debug|Any CPU
		{9B484211-9D52-478B-913E-A9BB9EFD103F}.Debug|Any CPU.Build.0 = Debug|Any CPU
		{9B484211-9D52-478B-913E-A9BB9EFD103F}.Release|Any CPU.ActiveCfg = Release|Any CPU
		{9B484211-9D52-478B-913E-A9BB9EFD103F}.Release|Any CPU.Build.0 = Release|Any CPU
		{0806CB77-F2C4-4C17-B371-CB063279734E}.Debug|Any CPU.ActiveCfg = Debug|Any CPU
		{0806CB77-F2C4-4C17-B371-CB063279734E}.Debug|Any CPU.Build.0 = Debug|Any CPU
		{0806CB77-F2C4-4C17-B371-CB063279734E}.Release|Any CPU.ActiveCfg = Release|Any CPU
		{0806CB77-F2C4-4C17-B371-CB063279734E}.Release|Any CPU.Build.0 = Release|Any CPU
	EndGlobalSection
	GlobalSection(SolutionProperties) = preSolution
		HideSolutionNode = FALSE
	EndGlobalSection
	GlobalSection(NestedProjects) = preSolution
		{04962796-FE13-4B4E-B7CD-DED542FCAA0A} = {982257F6-B83F-41DA-9620-82428D1D635F}
		{4B503F1E-8D30-431D-8BF6-2911E787746A} = {757B7BE4-8FF6-4C61-8E8D-53594F161F32}
		{2A472E66-3BA8-4D49-9218-1691A3FF8967} = {757B7BE4-8FF6-4C61-8E8D-53594F161F32}
		{982257F6-B83F-41DA-9620-82428D1D635F} = {757B7BE4-8FF6-4C61-8E8D-53594F161F32}
		{AAAC7088-D7FE-4558-8B72-2C5A76ECF759} = {757B7BE4-8FF6-4C61-8E8D-53594F161F32}
		{3853F08C-A5E1-4916-BE59-F6CEB15E5245} = {AAAC7088-D7FE-4558-8B72-2C5A76ECF759}
		{9B484211-9D52-478B-913E-A9BB9EFD103F} = {3853F08C-A5E1-4916-BE59-F6CEB15E5245}
		{0806CB77-F2C4-4C17-B371-CB063279734E} = {2A472E66-3BA8-4D49-9218-1691A3FF8967}
	EndGlobalSection
EndGlobal
